// !$*UTF8*$!
{
	archiveVersion = 1;
	classes = {
	};
	objectVersion = 56;
	objects = {

/* Begin PBXBuildFile section */
		FBB427662C9DD07C0029E0BA /* AppDelegate.swift in Sources */ = {isa = PBXBuildFile; fileRef = FBB427652C9DD07C0029E0BA /* AppDelegate.swift */; };
		FBB427682C9DD07C0029E0BA /* SceneDelegate.swift in Sources */ = {isa = PBXBuildFile; fileRef = FBB427672C9DD07C0029E0BA /* SceneDelegate.swift */; };
		FBB4276A2C9DD07C0029E0BA /* ViewController.swift in Sources */ = {isa = PBXBuildFile; fileRef = FBB427692C9DD07C0029E0BA /* ViewController.swift */; };
		FBB4276D2C9DD07C0029E0BA /* Base in Resources */ = {isa = PBXBuildFile; fileRef = FBB4276C2C9DD07C0029E0BA /* Base */; };
		FBB4276F2C9DD07D0029E0BA /* Assets.xcassets in Resources */ = {isa = PBXBuildFile; fileRef = FBB4276E2C9DD07D0029E0BA /* Assets.xcassets */; };
		FBB427722C9DD07D0029E0BA /* Base in Resources */ = {isa = PBXBuildFile; fileRef = FBB427712C9DD07D0029E0BA /* Base */; };
		FBB4277D2C9DD07D0029E0BA /* boceto_1Tests.swift in Sources */ = {isa = PBXBuildFile; fileRef = FBB4277C2C9DD07D0029E0BA /* boceto_1Tests.swift */; };
		FBB427872C9DD07D0029E0BA /* boceto_1UITests.swift in Sources */ = {isa = PBXBuildFile; fileRef = FBB427862C9DD07D0029E0BA /* boceto_1UITests.swift */; };
		FBB427892C9DD07D0029E0BA /* boceto_1UITestsLaunchTests.swift in Sources */ = {isa = PBXBuildFile; fileRef = FBB427882C9DD07D0029E0BA /* boceto_1UITestsLaunchTests.swift */; };
		FBBAF38B2CA1C0900040907A /* generador_de_citas.swift in Sources */ = {isa = PBXBuildFile; fileRef = FBBAF38A2CA1C0900040907A /* generador_de_citas.swift */; };
		FBBAF38E2CA1C1160040907A /* Cita.swift in Sources */ = {isa = PBXBuildFile; fileRef = FBBAF38D2CA1C1160040907A /* Cita.swift */; };
		FBBAF3902CA1C2020040907A /* ControladorPantallaCitas.swift in Sources */ = {isa = PBXBuildFile; fileRef = FBBAF38F2CA1C2020040907A /* ControladorPantallaCitas.swift */; };
		FBCCA9592CAB063C00209D8C /* ControladorGeneradorCitas.swift in Sources */ = {isa = PBXBuildFile; fileRef = FBCCA9582CAB063C00209D8C /* ControladorGeneradorCitas.swift */; };
/* End PBXBuildFile section */

/* Begin PBXContainerItemProxy section */
		FBB427792C9DD07D0029E0BA /* PBXContainerItemProxy */ = {
			isa = PBXContainerItemProxy;
			containerPortal = FBB4275A2C9DD07C0029E0BA /* Project object */;
			proxyType = 1;
			remoteGlobalIDString = FBB427612C9DD07C0029E0BA;
			remoteInfo = boceto_1;
		};
		FBB427832C9DD07D0029E0BA /* PBXContainerItemProxy */ = {
			isa = PBXContainerItemProxy;
			containerPortal = FBB4275A2C9DD07C0029E0BA /* Project object */;
			proxyType = 1;
			remoteGlobalIDString = FBB427612C9DD07C0029E0BA;
			remoteInfo = boceto_1;
		};
/* End PBXContainerItemProxy section */

/* Begin PBXFileReference section */
		FBB427622C9DD07C0029E0BA /* boceto_1.app */ = {isa = PBXFileReference; explicitFileType = wrapper.application; includeInIndex = 0; path = boceto_1.app; sourceTree = BUILT_PRODUCTS_DIR; };
		FBB427652C9DD07C0029E0BA /* AppDelegate.swift */ = {isa = PBXFileReference; lastKnownFileType = sourcecode.swift; path = AppDelegate.swift; sourceTree = "<group>"; };
		FBB427672C9DD07C0029E0BA /* SceneDelegate.swift */ = {isa = PBXFileReference; lastKnownFileType = sourcecode.swift; path = SceneDelegate.swift; sourceTree = "<group>"; };
		FBB427692C9DD07C0029E0BA /* ViewController.swift */ = {isa = PBXFileReference; lastKnownFileType = sourcecode.swift; path = ViewController.swift; sourceTree = "<group>"; };
		FBB4276C2C9DD07C0029E0BA /* Base */ = {isa = PBXFileReference; lastKnownFileType = file.storyboard; name = Base; path = Base.lproj/Main.storyboard; sourceTree = "<group>"; };
		FBB4276E2C9DD07D0029E0BA /* Assets.xcassets */ = {isa = PBXFileReference; lastKnownFileType = folder.assetcatalog; path = Assets.xcassets; sourceTree = "<group>"; };
		FBB427712C9DD07D0029E0BA /* Base */ = {isa = PBXFileReference; lastKnownFileType = file.storyboard; name = Base; path = Base.lproj/LaunchScreen.storyboard; sourceTree = "<group>"; };
		FBB427732C9DD07D0029E0BA /* Info.plist */ = {isa = PBXFileReference; lastKnownFileType = text.plist.xml; path = Info.plist; sourceTree = "<group>"; };
		FBB427782C9DD07D0029E0BA /* boceto_1Tests.xctest */ = {isa = PBXFileReference; explicitFileType = wrapper.cfbundle; includeInIndex = 0; path = boceto_1Tests.xctest; sourceTree = BUILT_PRODUCTS_DIR; };
		FBB4277C2C9DD07D0029E0BA /* boceto_1Tests.swift */ = {isa = PBXFileReference; lastKnownFileType = sourcecode.swift; path = boceto_1Tests.swift; sourceTree = "<group>"; };
		FBB427822C9DD07D0029E0BA /* boceto_1UITests.xctest */ = {isa = PBXFileReference; explicitFileType = wrapper.cfbundle; includeInIndex = 0; path = boceto_1UITests.xctest; sourceTree = BUILT_PRODUCTS_DIR; };
		FBB427862C9DD07D0029E0BA /* boceto_1UITests.swift */ = {isa = PBXFileReference; lastKnownFileType = sourcecode.swift; path = boceto_1UITests.swift; sourceTree = "<group>"; };
		FBB427882C9DD07D0029E0BA /* boceto_1UITestsLaunchTests.swift */ = {isa = PBXFileReference; lastKnownFileType = sourcecode.swift; path = boceto_1UITestsLaunchTests.swift; sourceTree = "<group>"; };
		FBBAF38A2CA1C0900040907A /* generador_de_citas.swift */ = {isa = PBXFileReference; lastKnownFileType = sourcecode.swift; path = generador_de_citas.swift; sourceTree = "<group>"; };
		FBBAF38D2CA1C1160040907A /* Cita.swift */ = {isa = PBXFileReference; lastKnownFileType = sourcecode.swift; path = Cita.swift; sourceTree = "<group>"; };
		FBBAF38F2CA1C2020040907A /* ControladorPantallaCitas.swift */ = {isa = PBXFileReference; lastKnownFileType = sourcecode.swift; path = ControladorPantallaCitas.swift; sourceTree = "<group>"; };
		FBCCA9582CAB063C00209D8C /* ControladorGeneradorCitas.swift */ = {isa = PBXFileReference; lastKnownFileType = sourcecode.swift; path = ControladorGeneradorCitas.swift; sourceTree = "<group>"; };
/* End PBXFileReference section */

/* Begin PBXFrameworksBuildPhase section */
		FBB4275F2C9DD07C0029E0BA /* Frameworks */ = {
			isa = PBXFrameworksBuildPhase;
			buildActionMask = 2147483647;
			files = (
			);
			runOnlyForDeploymentPostprocessing = 0;
		};
		FBB427752C9DD07D0029E0BA /* Frameworks */ = {
			isa = PBXFrameworksBuildPhase;
			buildActionMask = 2147483647;
			files = (
			);
			runOnlyForDeploymentPostprocessing = 0;
		};
		FBB4277F2C9DD07D0029E0BA /* Frameworks */ = {
			isa = PBXFrameworksBuildPhase;
			buildActionMask = 2147483647;
			files = (
			);
			runOnlyForDeploymentPostprocessing = 0;
		};
/* End PBXFrameworksBuildPhase section */

/* Begin PBXGroup section */
		FBB427592C9DD07C0029E0BA = {
			isa = PBXGroup;
			children = (
				FBB427642C9DD07C0029E0BA /* boceto_1 */,
				FBB4277B2C9DD07D0029E0BA /* boceto_1Tests */,
				FBB427852C9DD07D0029E0BA /* boceto_1UITests */,
				FBB427632C9DD07C0029E0BA /* Products */,
			);
			sourceTree = "<group>";
		};
		FBB427632C9DD07C0029E0BA /* Products */ = {
			isa = PBXGroup;
			children = (
				FBB427622C9DD07C0029E0BA /* boceto_1.app */,
				FBB427782C9DD07D0029E0BA /* boceto_1Tests.xctest */,
				FBB427822C9DD07D0029E0BA /* boceto_1UITests.xctest */,
			);
			name = Products;
			sourceTree = "<group>";
		};
		FBB427642C9DD07C0029E0BA /* boceto_1 */ = {
			isa = PBXGroup;
			children = (
				FBBAF38C2CA1C0FE0040907A /* modelo */,
				FBBAF3892CA1C0700040907A /* controlador */,
				FBB427652C9DD07C0029E0BA /* AppDelegate.swift */,
				FBB427672C9DD07C0029E0BA /* SceneDelegate.swift */,
				FBB427692C9DD07C0029E0BA /* ViewController.swift */,
				FBB4276B2C9DD07C0029E0BA /* Main.storyboard */,
				FBB4276E2C9DD07D0029E0BA /* Assets.xcassets */,
				FBBAF3852CA1BF050040907A /* controlador_de_vistas */,
				FBB427702C9DD07D0029E0BA /* LaunchScreen.storyboard */,
				FBB427732C9DD07D0029E0BA /* Info.plist */,
			);
			path = boceto_1;
			sourceTree = "<group>";
		};
		FBB4277B2C9DD07D0029E0BA /* boceto_1Tests */ = {
			isa = PBXGroup;
			children = (
				FBB4277C2C9DD07D0029E0BA /* boceto_1Tests.swift */,
			);
			path = boceto_1Tests;
			sourceTree = "<group>";
		};
		FBB427852C9DD07D0029E0BA /* boceto_1UITests */ = {
			isa = PBXGroup;
			children = (
				FBB427862C9DD07D0029E0BA /* boceto_1UITests.swift */,
				FBB427882C9DD07D0029E0BA /* boceto_1UITestsLaunchTests.swift */,
			);
			path = boceto_1UITests;
			sourceTree = "<group>";
		};
		FBBAF3852CA1BF050040907A /* controlador_de_vistas */ = {
			isa = PBXGroup;
			children = (
				FBBAF38F2CA1C2020040907A /* ControladorPantallaCitas.swift */,
				FBCCA9582CAB063C00209D8C /* ControladorGeneradorCitas.swift */,
			);
			path = controlador_de_vistas;
			sourceTree = "<group>";
		};
		FBBAF3892CA1C0700040907A /* controlador */ = {
			isa = PBXGroup;
			children = (
				FBBAF38A2CA1C0900040907A /* generador_de_citas.swift */,
			);
			path = controlador;
			sourceTree = "<group>";
		};
		FBBAF38C2CA1C0FE0040907A /* modelo */ = {
			isa = PBXGroup;
			children = (
				FBBAF38D2CA1C1160040907A /* Cita.swift */,
			);
			path = modelo;
			sourceTree = "<group>";
		};
/* End PBXGroup section */

/* Begin PBXNativeTarget section */
		FBB427612C9DD07C0029E0BA /* boceto_1 */ = {
			isa = PBXNativeTarget;
			buildConfigurationList = FBB4278C2C9DD07D0029E0BA /* Build configuration list for PBXNativeTarget "boceto_1" */;
			buildPhases = (
				FBB4275E2C9DD07C0029E0BA /* Sources */,
				FBB4275F2C9DD07C0029E0BA /* Frameworks */,
				FBB427602C9DD07C0029E0BA /* Resources */,
			);
			buildRules = (
			);
			dependencies = (
			);
			name = boceto_1;
			productName = boceto_1;
			productReference = FBB427622C9DD07C0029E0BA /* boceto_1.app */;
			productType = "com.apple.product-type.application";
		};
		FBB427772C9DD07D0029E0BA /* boceto_1Tests */ = {
			isa = PBXNativeTarget;
			buildConfigurationList = FBB4278F2C9DD07D0029E0BA /* Build configuration list for PBXNativeTarget "boceto_1Tests" */;
			buildPhases = (
				FBB427742C9DD07D0029E0BA /* Sources */,
				FBB427752C9DD07D0029E0BA /* Frameworks */,
				FBB427762C9DD07D0029E0BA /* Resources */,
			);
			buildRules = (
			);
			dependencies = (
				FBB4277A2C9DD07D0029E0BA /* PBXTargetDependency */,
			);
			name = boceto_1Tests;
			productName = boceto_1Tests;
			productReference = FBB427782C9DD07D0029E0BA /* boceto_1Tests.xctest */;
			productType = "com.apple.product-type.bundle.unit-test";
		};
		FBB427812C9DD07D0029E0BA /* boceto_1UITests */ = {
			isa = PBXNativeTarget;
			buildConfigurationList = FBB427922C9DD07D0029E0BA /* Build configuration list for PBXNativeTarget "boceto_1UITests" */;
			buildPhases = (
				FBB4277E2C9DD07D0029E0BA /* Sources */,
				FBB4277F2C9DD07D0029E0BA /* Frameworks */,
				FBB427802C9DD07D0029E0BA /* Resources */,
			);
			buildRules = (
			);
			dependencies = (
				FBB427842C9DD07D0029E0BA /* PBXTargetDependency */,
			);
			name = boceto_1UITests;
			productName = boceto_1UITests;
			productReference = FBB427822C9DD07D0029E0BA /* boceto_1UITests.xctest */;
			productType = "com.apple.product-type.bundle.ui-testing";
		};
/* End PBXNativeTarget section */

/* Begin PBXProject section */
		FBB4275A2C9DD07C0029E0BA /* Project object */ = {
			isa = PBXProject;
			attributes = {
				BuildIndependentTargetsInParallel = 1;
				LastSwiftUpdateCheck = 1540;
				LastUpgradeCheck = 1540;
				TargetAttributes = {
					FBB427612C9DD07C0029E0BA = {
						CreatedOnToolsVersion = 15.4;
					};
					FBB427772C9DD07D0029E0BA = {
						CreatedOnToolsVersion = 15.4;
						TestTargetID = FBB427612C9DD07C0029E0BA;
					};
					FBB427812C9DD07D0029E0BA = {
						CreatedOnToolsVersion = 15.4;
						TestTargetID = FBB427612C9DD07C0029E0BA;
					};
				};
			};
			buildConfigurationList = FBB4275D2C9DD07C0029E0BA /* Build configuration list for PBXProject "boceto_1" */;
			compatibilityVersion = "Xcode 14.0";
			developmentRegion = en;
			hasScannedForEncodings = 0;
			knownRegions = (
				en,
				Base,
			);
			mainGroup = FBB427592C9DD07C0029E0BA;
			productRefGroup = FBB427632C9DD07C0029E0BA /* Products */;
			projectDirPath = "";
			projectRoot = "";
			targets = (
				FBB427612C9DD07C0029E0BA /* boceto_1 */,
				FBB427772C9DD07D0029E0BA /* boceto_1Tests */,
				FBB427812C9DD07D0029E0BA /* boceto_1UITests */,
			);
		};
/* End PBXProject section */

/* Begin PBXResourcesBuildPhase section */
		FBB427602C9DD07C0029E0BA /* Resources */ = {
			isa = PBXResourcesBuildPhase;
			buildActionMask = 2147483647;
			files = (
				FBB4276F2C9DD07D0029E0BA /* Assets.xcassets in Resources */,
				FBB427722C9DD07D0029E0BA /* Base in Resources */,
				FBB4276D2C9DD07C0029E0BA /* Base in Resources */,
			);
			runOnlyForDeploymentPostprocessing = 0;
		};
		FBB427762C9DD07D0029E0BA /* Resources */ = {
			isa = PBXResourcesBuildPhase;
			buildActionMask = 2147483647;
			files = (
			);
			runOnlyForDeploymentPostprocessing = 0;
		};
		FBB427802C9DD07D0029E0BA /* Resources */ = {
			isa = PBXResourcesBuildPhase;
			buildActionMask = 2147483647;
			files = (
			);
			runOnlyForDeploymentPostprocessing = 0;
		};
/* End PBXResourcesBuildPhase section */

/* Begin PBXSourcesBuildPhase section */
		FBB4275E2C9DD07C0029E0BA /* Sources */ = {
			isa = PBXSourcesBuildPhase;
			buildActionMask = 2147483647;
			files = (
				FBCCA9592CAB063C00209D8C /* ControladorGeneradorCitas.swift in Sources */,
				FBB4276A2C9DD07C0029E0BA /* ViewController.swift in Sources */,
				FBBAF38E2CA1C1160040907A /* Cita.swift in Sources */,
				FBBAF38B2CA1C0900040907A /* generador_de_citas.swift in Sources */,
				FBB427662C9DD07C0029E0BA /* AppDelegate.swift in Sources */,
				FBB427682C9DD07C0029E0BA /* SceneDelegate.swift in Sources */,
				FBBAF3902CA1C2020040907A /* ControladorPantallaCitas.swift in Sources */,
			);
			runOnlyForDeploymentPostprocessing = 0;
		};
		FBB427742C9DD07D0029E0BA /* Sources */ = {
			isa = PBXSourcesBuildPhase;
			buildActionMask = 2147483647;
			files = (
				FBB4277D2C9DD07D0029E0BA /* boceto_1Tests.swift in Sources */,
			);
			runOnlyForDeploymentPostprocessing = 0;
		};
		FBB4277E2C9DD07D0029E0BA /* Sources */ = {
			isa = PBXSourcesBuildPhase;
			buildActionMask = 2147483647;
			files = (
				FBB427892C9DD07D0029E0BA /* boceto_1UITestsLaunchTests.swift in Sources */,
				FBB427872C9DD07D0029E0BA /* boceto_1UITests.swift in Sources */,
			);
			runOnlyForDeploymentPostprocessing = 0;
		};
/* End PBXSourcesBuildPhase section */

/* Begin PBXTargetDependency section */
		FBB4277A2C9DD07D0029E0BA /* PBXTargetDependency */ = {
			isa = PBXTargetDependency;
			target = FBB427612C9DD07C0029E0BA /* boceto_1 */;
			targetProxy = FBB427792C9DD07D0029E0BA /* PBXContainerItemProxy */;
		};
		FBB427842C9DD07D0029E0BA /* PBXTargetDependency */ = {
			isa = PBXTargetDependency;
			target = FBB427612C9DD07C0029E0BA /* boceto_1 */;
			targetProxy = FBB427832C9DD07D0029E0BA /* PBXContainerItemProxy */;
		};
/* End PBXTargetDependency section */

/* Begin PBXVariantGroup section */
		FBB4276B2C9DD07C0029E0BA /* Main.storyboard */ = {
			isa = PBXVariantGroup;
			children = (
				FBB4276C2C9DD07C0029E0BA /* Base */,
			);
			name = Main.storyboard;
			sourceTree = "<group>";
		};
		FBB427702C9DD07D0029E0BA /* LaunchScreen.storyboard */ = {
			isa = PBXVariantGroup;
			children = (
				FBB427712C9DD07D0029E0BA /* Base */,
			);
			name = LaunchScreen.storyboard;
			sourceTree = "<group>";
		};
/* End PBXVariantGroup section */

/* Begin XCBuildConfiguration section */
		FBB4278A2C9DD07D0029E0BA /* Debug */ = {
			isa = XCBuildConfiguration;
			buildSettings = {
				ALWAYS_SEARCH_USER_PATHS = NO;
				ASSETCATALOG_COMPILER_GENERATE_SWIFT_ASSET_SYMBOL_EXTENSIONS = YES;
				CLANG_ANALYZER_NONNULL = YES;
				CLANG_ANALYZER_NUMBER_OBJECT_CONVERSION = YES_AGGRESSIVE;
				CLANG_CXX_LANGUAGE_STANDARD = "gnu++20";
				CLANG_ENABLE_MODULES = YES;
				CLANG_ENABLE_OBJC_ARC = YES;
				CLANG_ENABLE_OBJC_WEAK = YES;
				CLANG_WARN_BLOCK_CAPTURE_AUTORELEASING = YES;
				CLANG_WARN_BOOL_CONVERSION = YES;
				CLANG_WARN_COMMA = YES;
				CLANG_WARN_CONSTANT_CONVERSION = YES;
				CLANG_WARN_DEPRECATED_OBJC_IMPLEMENTATIONS = YES;
				CLANG_WARN_DIRECT_OBJC_ISA_USAGE = YES_ERROR;
				CLANG_WARN_DOCUMENTATION_COMMENTS = YES;
				CLANG_WARN_EMPTY_BODY = YES;
				CLANG_WARN_ENUM_CONVERSION = YES;
				CLANG_WARN_INFINITE_RECURSION = YES;
				CLANG_WARN_INT_CONVERSION = YES;
				CLANG_WARN_NON_LITERAL_NULL_CONVERSION = YES;
				CLANG_WARN_OBJC_IMPLICIT_RETAIN_SELF = YES;
				CLANG_WARN_OBJC_LITERAL_CONVERSION = YES;
				CLANG_WARN_OBJC_ROOT_CLASS = YES_ERROR;
				CLANG_WARN_QUOTED_INCLUDE_IN_FRAMEWORK_HEADER = YES;
				CLANG_WARN_RANGE_LOOP_ANALYSIS = YES;
				CLANG_WARN_STRICT_PROTOTYPES = YES;
				CLANG_WARN_SUSPICIOUS_MOVE = YES;
				CLANG_WARN_UNGUARDED_AVAILABILITY = YES_AGGRESSIVE;
				CLANG_WARN_UNREACHABLE_CODE = YES;
				CLANG_WARN__DUPLICATE_METHOD_MATCH = YES;
				COPY_PHASE_STRIP = NO;
				DEBUG_INFORMATION_FORMAT = dwarf;
				ENABLE_STRICT_OBJC_MSGSEND = YES;
				ENABLE_TESTABILITY = YES;
				ENABLE_USER_SCRIPT_SANDBOXING = YES;
				GCC_C_LANGUAGE_STANDARD = gnu17;
				GCC_DYNAMIC_NO_PIC = NO;
				GCC_NO_COMMON_BLOCKS = YES;
				GCC_OPTIMIZATION_LEVEL = 0;
				GCC_PREPROCESSOR_DEFINITIONS = (
					"DEBUG=1",
					"$(inherited)",
				);
				GCC_WARN_64_TO_32_BIT_CONVERSION = YES;
				GCC_WARN_ABOUT_RETURN_TYPE = YES_ERROR;
				GCC_WARN_UNDECLARED_SELECTOR = YES;
				GCC_WARN_UNINITIALIZED_AUTOS = YES_AGGRESSIVE;
				GCC_WARN_UNUSED_FUNCTION = YES;
				GCC_WARN_UNUSED_VARIABLE = YES;
				IPHONEOS_DEPLOYMENT_TARGET = 17.5;
				LOCALIZATION_PREFERS_STRING_CATALOGS = YES;
				MTL_ENABLE_DEBUG_INFO = INCLUDE_SOURCE;
				MTL_FAST_MATH = YES;
				ONLY_ACTIVE_ARCH = YES;
				SDKROOT = iphoneos;
				SWIFT_ACTIVE_COMPILATION_CONDITIONS = "DEBUG $(inherited)";
				SWIFT_OPTIMIZATION_LEVEL = "-Onone";
			};
			name = Debug;
		};
		FBB4278B2C9DD07D0029E0BA /* Release */ = {
			isa = XCBuildConfiguration;
			buildSettings = {
				ALWAYS_SEARCH_USER_PATHS = NO;
				ASSETCATALOG_COMPILER_GENERATE_SWIFT_ASSET_SYMBOL_EXTENSIONS = YES;
				CLANG_ANALYZER_NONNULL = YES;
				CLANG_ANALYZER_NUMBER_OBJECT_CONVERSION = YES_AGGRESSIVE;
				CLANG_CXX_LANGUAGE_STANDARD = "gnu++20";
				CLANG_ENABLE_MODULES = YES;
				CLANG_ENABLE_OBJC_ARC = YES;
				CLANG_ENABLE_OBJC_WEAK = YES;
				CLANG_WARN_BLOCK_CAPTURE_AUTORELEASING = YES;
				CLANG_WARN_BOOL_CONVERSION = YES;
				CLANG_WARN_COMMA = YES;
				CLANG_WARN_CONSTANT_CONVERSION = YES;
				CLANG_WARN_DEPRECATED_OBJC_IMPLEMENTATIONS = YES;
				CLANG_WARN_DIRECT_OBJC_ISA_USAGE = YES_ERROR;
				CLANG_WARN_DOCUMENTATION_COMMENTS = YES;
				CLANG_WARN_EMPTY_BODY = YES;
				CLANG_WARN_ENUM_CONVERSION = YES;
				CLANG_WARN_INFINITE_RECURSION = YES;
				CLANG_WARN_INT_CONVERSION = YES;
				CLANG_WARN_NON_LITERAL_NULL_CONVERSION = YES;
				CLANG_WARN_OBJC_IMPLICIT_RETAIN_SELF = YES;
				CLANG_WARN_OBJC_LITERAL_CONVERSION = YES;
				CLANG_WARN_OBJC_ROOT_CLASS = YES_ERROR;
				CLANG_WARN_QUOTED_INCLUDE_IN_FRAMEWORK_HEADER = YES;
				CLANG_WARN_RANGE_LOOP_ANALYSIS = YES;
				CLANG_WARN_STRICT_PROTOTYPES = YES;
				CLANG_WARN_SUSPICIOUS_MOVE = YES;
				CLANG_WARN_UNGUARDED_AVAILABILITY = YES_AGGRESSIVE;
				CLANG_WARN_UNREACHABLE_CODE = YES;
				CLANG_WARN__DUPLICATE_METHOD_MATCH = YES;
				COPY_PHASE_STRIP = NO;
				DEBUG_INFORMATION_FORMAT = "dwarf-with-dsym";
				ENABLE_NS_ASSERTIONS = NO;
				ENABLE_STRICT_OBJC_MSGSEND = YES;
				ENABLE_USER_SCRIPT_SANDBOXING = YES;
				GCC_C_LANGUAGE_STANDARD = gnu17;
				GCC_NO_COMMON_BLOCKS = YES;
				GCC_WARN_64_TO_32_BIT_CONVERSION = YES;
				GCC_WARN_ABOUT_RETURN_TYPE = YES_ERROR;
				GCC_WARN_UNDECLARED_SELECTOR = YES;
				GCC_WARN_UNINITIALIZED_AUTOS = YES_AGGRESSIVE;
				GCC_WARN_UNUSED_FUNCTION = YES;
				GCC_WARN_UNUSED_VARIABLE = YES;
				IPHONEOS_DEPLOYMENT_TARGET = 17.5;
				LOCALIZATION_PREFERS_STRING_CATALOGS = YES;
				MTL_ENABLE_DEBUG_INFO = NO;
				MTL_FAST_MATH = YES;
				SDKROOT = iphoneos;
				SWIFT_COMPILATION_MODE = wholemodule;
				VALIDATE_PRODUCT = YES;
			};
			name = Release;
		};
		FBB4278D2C9DD07D0029E0BA /* Debug */ = {
			isa = XCBuildConfiguration;
			buildSettings = {
				ASSETCATALOG_COMPILER_APPICON_NAME = AppIcon;
				ASSETCATALOG_COMPILER_GLOBAL_ACCENT_COLOR_NAME = AccentColor;
				CODE_SIGN_STYLE = Automatic;
				CURRENT_PROJECT_VERSION = 1;
				GENERATE_INFOPLIST_FILE = YES;
				INFOPLIST_FILE = boceto_1/Info.plist;
				INFOPLIST_KEY_UIApplicationSupportsIndirectInputEvents = YES;
				INFOPLIST_KEY_UILaunchStoryboardName = LaunchScreen;
				INFOPLIST_KEY_UIMainStoryboardFile = Main;
				INFOPLIST_KEY_UISupportedInterfaceOrientations_iPad = "UIInterfaceOrientationPortrait UIInterfaceOrientationPortraitUpsideDown UIInterfaceOrientationLandscapeLeft UIInterfaceOrientationLandscapeRight";
				INFOPLIST_KEY_UISupportedInterfaceOrientations_iPhone = "UIInterfaceOrientationPortrait UIInterfaceOrientationLandscapeLeft UIInterfaceOrientationLandscapeRight";
				LD_RUNPATH_SEARCH_PATHS = (
					"$(inherited)",
					"@executable_path/Frameworks",
				);
				MARKETING_VERSION = 1.0;
				PRODUCT_BUNDLE_IDENTIFIER = "mx.uacj.boceto-1.boceto-1";
				PRODUCT_NAME = "$(TARGET_NAME)";
				SWIFT_EMIT_LOC_STRINGS = YES;
				SWIFT_VERSION = 5.0;
				TARGETED_DEVICE_FAMILY = "1,2";
			};
			name = Debug;
		};
		FBB4278E2C9DD07D0029E0BA /* Release */ = {
			isa = XCBuildConfiguration;
			buildSettings = {
				ASSETCATALOG_COMPILER_APPICON_NAME = AppIcon;
				ASSETCATALOG_COMPILER_GLOBAL_ACCENT_COLOR_NAME = AccentColor;
				CODE_SIGN_STYLE = Automatic;
				CURRENT_PROJECT_VERSION = 1;
				GENERATE_INFOPLIST_FILE = YES;
				INFOPLIST_FILE = boceto_1/Info.plist;
				INFOPLIST_KEY_UIApplicationSupportsIndirectInputEvents = YES;
				INFOPLIST_KEY_UILaunchStoryboardName = LaunchScreen;
				INFOPLIST_KEY_UIMainStoryboardFile = Main;
				INFOPLIST_KEY_UISupportedInterfaceOrientations_iPad = "UIInterfaceOrientationPortrait UIInterfaceOrientationPortraitUpsideDown UIInterfaceOrientationLandscapeLeft UIInterfaceOrientationLandscapeRight";
				INFOPLIST_KEY_UISupportedInterfaceOrientations_iPhone = "UIInterfaceOrientationPortrait UIInterfaceOrientationLandscapeLeft UIInterfaceOrientationLandscapeRight";
				LD_RUNPATH_SEARCH_PATHS = (
					"$(inherited)",
					"@executable_path/Frameworks",
				);
				MARKETING_VERSION = 1.0;
				PRODUCT_BUNDLE_IDENTIFIER = "mx.uacj.boceto-1.boceto-1";
				PRODUCT_NAME = "$(TARGET_NAME)";
				SWIFT_EMIT_LOC_STRINGS = YES;
				SWIFT_VERSION = 5.0;
				TARGETED_DEVICE_FAMILY = "1,2";
			};
			name = Release;
		};
		FBB427902C9DD07D0029E0BA /* Debug */ = {
			isa = XCBuildConfiguration;
			buildSettings = {
				ALWAYS_EMBED_SWIFT_STANDARD_LIBRARIES = YES;
				BUNDLE_LOADER = "$(TEST_HOST)";
				CODE_SIGN_STYLE = Automatic;
				CURRENT_PROJECT_VERSION = 1;
				GENERATE_INFOPLIST_FILE = YES;
				IPHONEOS_DEPLOYMENT_TARGET = 17.5;
				MARKETING_VERSION = 1.0;
				PRODUCT_BUNDLE_IDENTIFIER = "mx.uacj.boceto-1.boceto-1Tests";
				PRODUCT_NAME = "$(TARGET_NAME)";
				SWIFT_EMIT_LOC_STRINGS = NO;
				SWIFT_VERSION = 5.0;
				TARGETED_DEVICE_FAMILY = "1,2";
				TEST_HOST = "$(BUILT_PRODUCTS_DIR)/boceto_1.app/$(BUNDLE_EXECUTABLE_FOLDER_PATH)/boceto_1";
			};
			name = Debug;
		};
		FBB427912C9DD07D0029E0BA /* Release */ = {
			isa = XCBuildConfiguration;
			buildSettings = {
				ALWAYS_EMBED_SWIFT_STANDARD_LIBRARIES = YES;
				BUNDLE_LOADER = "$(TEST_HOST)";
				CODE_SIGN_STYLE = Automatic;
				CURRENT_PROJECT_VERSION = 1;
				GENERATE_INFOPLIST_FILE = YES;
				IPHONEOS_DEPLOYMENT_TARGET = 17.5;
				MARKETING_VERSION = 1.0;
				PRODUCT_BUNDLE_IDENTIFIER = "mx.uacj.boceto-1.boceto-1Tests";
				PRODUCT_NAME = "$(TARGET_NAME)";
				SWIFT_EMIT_LOC_STRINGS = NO;
				SWIFT_VERSION = 5.0;
				TARGETED_DEVICE_FAMILY = "1,2";
				TEST_HOST = "$(BUILT_PRODUCTS_DIR)/boceto_1.app/$(BUNDLE_EXECUTABLE_FOLDER_PATH)/boceto_1";
			};
			name = Release;
		};
		FBB427932C9DD07D0029E0BA /* Debug */ = {
			isa = XCBuildConfiguration;
			buildSettings = {
				ALWAYS_EMBED_SWIFT_STANDARD_LIBRARIES = YES;
				CODE_SIGN_STYLE = Automatic;
				CURRENT_PROJECT_VERSION = 1;
				GENERATE_INFOPLIST_FILE = YES;
				MARKETING_VERSION = 1.0;
				PRODUCT_BUNDLE_IDENTIFIER = "mx.uacj.boceto-1.boceto-1UITests";
				PRODUCT_NAME = "$(TARGET_NAME)";
				SWIFT_EMIT_LOC_STRINGS = NO;
				SWIFT_VERSION = 5.0;
				TARGETED_DEVICE_FAMILY = "1,2";
				TEST_TARGET_NAME = boceto_1;
			};
			name = Debug;
		};
		FBB427942C9DD07D0029E0BA /* Release */ = {
			isa = XCBuildConfiguration;
			buildSettings = {
				ALWAYS_EMBED_SWIFT_STANDARD_LIBRARIES = YES;
				CODE_SIGN_STYLE = Automatic;
				CURRENT_PROJECT_VERSION = 1;
				GENERATE_INFOPLIST_FILE = YES;
				MARKETING_VERSION = 1.0;
				PRODUCT_BUNDLE_IDENTIFIER = "mx.uacj.boceto-1.boceto-1UITests";
				PRODUCT_NAME = "$(TARGET_NAME)";
				SWIFT_EMIT_LOC_STRINGS = NO;
				SWIFT_VERSION = 5.0;
				TARGETED_DEVICE_FAMILY = "1,2";
				TEST_TARGET_NAME = boceto_1;
			};
			name = Release;
		};
/* End XCBuildConfiguration section */

/* Begin XCConfigurationList section */
		FBB4275D2C9DD07C0029E0BA /* Build configuration list for PBXProject "boceto_1" */ = {
			isa = XCConfigurationList;
			buildConfigurations = (
				FBB4278A2C9DD07D0029E0BA /* Debug */,
				FBB4278B2C9DD07D0029E0BA /* Release */,
			);
			defaultConfigurationIsVisible = 0;
			defaultConfigurationName = Release;
		};
		FBB4278C2C9DD07D0029E0BA /* Build configuration list for PBXNativeTarget "boceto_1" */ = {
			isa = XCConfigurationList;
			buildConfigurations = (
				FBB4278D2C9DD07D0029E0BA /* Debug */,
				FBB4278E2C9DD07D0029E0BA /* Release */,
			);
			defaultConfigurationIsVisible = 0;
			defaultConfigurationName = Release;
		};
		FBB4278F2C9DD07D0029E0BA /* Build configuration list for PBXNativeTarget "boceto_1Tests" */ = {
			isa = XCConfigurationList;
			buildConfigurations = (
				FBB427902C9DD07D0029E0BA /* Debug */,
				FBB427912C9DD07D0029E0BA /* Release */,
			);
			defaultConfigurationIsVisible = 0;
			defaultConfigurationName = Release;
		};
		FBB427922C9DD07D0029E0BA /* Build configuration list for PBXNativeTarget "boceto_1UITests" */ = {
			isa = XCConfigurationList;
			buildConfigurations = (
				FBB427932C9DD07D0029E0BA /* Debug */,
				FBB427942C9DD07D0029E0BA /* Release */,
			);
			defaultConfigurationIsVisible = 0;
			defaultConfigurationName = Release;
		};
/* End XCConfigurationList section */
	};
	rootObject = FBB4275A2C9DD07C0029E0BA /* Project object */;
}
